
Microsoft Visual Studio Solution File, Format Version 12.00
# Visual Studio Version 17
VisualStudioVersion = 17.14.36414.22 d17.14
MinimumVisualStudioVersion = 10.0.40219.1
Project("{FAE04EC0-301F-11D3-BF4B-00C04F79EFBC}") = "LogosVerse", "LogosVerse.csproj", "{65161157-4588-45FA-98D6-0AA5BBC796FF}"
EndProject
Global
	GlobalSection(SolutionConfigurationPlatforms) = preSolution
		Debug|Any CPU = Debug|Any CPU
		Release|Any CPU = Release|Any CPU
	EndGlobalSection
	GlobalSection(ProjectConfigurationPlatforms) = postSolution
		{65161157-4588-45FA-98D6-0AA5BBC796FF}.Debug|Any CPU.ActiveCfg = Debug|Any CPU
		{65161157-4588-45FA-98D6-0AA5BBC796FF}.Debug|Any CPU.Build.0 = Debug|Any CPU
		{65161157-4588-45FA-98D6-0AA5BBC796FF}.Release|Any CPU.ActiveCfg = Release|Any CPU
		{65161157-4588-45FA-98D6-0AA5BBC796FF}.Release|Any CPU.Build.0 = Release|Any CPU
	EndGlobalSection
	GlobalSection(SolutionProperties) = preSolution
		HideSolutionNode = FALSE
	EndGlobalSection
	GlobalSection(ExtensibilityGlobals) = postSolution
		SolutionGuid = {4B16E46A-0548-4CA6-B9CC-99881ECAFE8E}
	EndGlobalSection
EndGlobal
